
Microsoft Visual Studio Solution File, Format Version 12.00
# Visual Studio Version 17
VisualStudioVersion = 17.8.34511.84
MinimumVisualStudioVersion = 10.0.40219.1
Project("{FAE04EC0-301F-11D3-BF4B-00C04F79EFBC}") = "CIT 195 Lesson 6 immutableID", "CIT 195 Lesson 6 immutableID.csproj", "{A92F2ADC-5AA5-41BE-909B-5E65AA7404A6}"
EndProject
Global
	GlobalSection(SolutionConfigurationPlatforms) = preSolution
		Debug|Any CPU = Debug|Any CPU
		Release|Any CPU = Release|Any CPU
	EndGlobalSection
	GlobalSection(ProjectConfigurationPlatforms) = postSolution
		{A92F2ADC-5AA5-41BE-909B-5E65AA7404A6}.Debug|Any CPU.ActiveCfg = Debug|Any CPU
		{A92F2ADC-5AA5-41BE-909B-5E65AA7404A6}.Debug|Any CPU.Build.0 = Debug|Any CPU
		{A92F2ADC-5AA5-41BE-909B-5E65AA7404A6}.Release|Any CPU.ActiveCfg = Release|Any CPU
		{A92F2ADC-5AA5-41BE-909B-5E65AA7404A6}.Release|Any CPU.Build.0 = Release|Any CPU
	EndGlobalSection
	GlobalSection(SolutionProperties) = preSolution
		HideSolutionNode = FALSE
	EndGlobalSection
	GlobalSection(ExtensibilityGlobals) = postSolution
		SolutionGuid = {BE3A73B0-6841-4ACB-8848-77267DCDEF3E}
	EndGlobalSection
EndGlobal
